
Microsoft Visual Studio Solution File, Format Version 12.00
# Visual Studio Version 17
VisualStudioVersion = 17.0.31903.59
MinimumVisualStudioVersion = 10.0.40219.1
Project("{8BC9CEB8-8B4A-11D0-8D11-00A0C91BC942}") = "tower of hanoi", "tower of hanoi\tower of hanoi.vcxproj", "{3C89616D-C724-4109-8167-4646447308AC}"
EndProject
Global
	GlobalSection(SolutionConfigurationPlatforms) = preSolution
		Debug|x64 = Debug|x64
		Debug|x86 = Debug|x86
		Release|x64 = Release|x64
		Release|x86 = Release|x86
	EndGlobalSection
	GlobalSection(ProjectConfigurationPlatforms) = postSolution
		{3C89616D-C724-4109-8167-4646447308AC}.Debug|x64.ActiveCfg = Debug|x64
		{3C89616D-C724-4109-8167-4646447308AC}.Debug|x64.Build.0 = Debug|x64
		{3C89616D-C724-4109-8167-4646447308AC}.Debug|x86.ActiveCfg = Debug|Win32
		{3C89616D-C724-4109-8167-4646447308AC}.Debug|x86.Build.0 = Debug|Win32
		{3C89616D-C724-4109-8167-4646447308AC}.Release|x64.ActiveCfg = Release|x64
		{3C89616D-C724-4109-8167-4646447308AC}.Release|x64.Build.0 = Release|x64
		{3C89616D-C724-4109-8167-4646447308AC}.Release|x86.ActiveCfg = Release|Win32
		{3C89616D-C724-4109-8167-4646447308AC}.Release|x86.Build.0 = Release|Win32
	EndGlobalSection
	GlobalSection(SolutionProperties) = preSolution
		HideSolutionNode = FALSE
	EndGlobalSection
	GlobalSection(ExtensibilityGlobals) = postSolution
		SolutionGuid = {B7B76783-502E-4E34-9394-A60E497449FD}
	EndGlobalSection
EndGlobal
